
Microsoft Visual Studio Solution File, Format Version 12.00
# Visual Studio Version 16
VisualStudioVersion = 16.0.31729.503
MinimumVisualStudioVersion = 10.0.40219.1
Project("{9A19103F-16F7-4668-BE54-9A1E7A4F7556}") = "Billing.Api", "Billing.Api\Billing.Api.csproj", "{3C62D3B0-8A12-444F-87E7-B7A6DB40B7D4}"
EndProject
Project("{9A19103F-16F7-4668-BE54-9A1E7A4F7556}") = "Billing.Api.Tests", "Billing.Api.Tests\Billing.Api.Tests.csproj", "{C83A1C00-9362-492E-BBAF-43B39874221C}"
EndProject
Project("{9A19103F-16F7-4668-BE54-9A1E7A4F7556}") = "Billing.Core", "Billing.Core\Billing.Core.csproj", "{D78E0942-EF80-4271-8F5E-3A16E0F4429B}"
EndProject
Project("{9A19103F-16F7-4668-BE54-9A1E7A4F7556}") = "Billing.Core.Tests", "Billing.Core.Tests\Billing.Core.Tests.csproj", "{9FCFBFA6-03EC-48ED-B2EA-FC1C78DB1E46}"
EndProject
Project("{9A19103F-16F7-4668-BE54-9A1E7A4F7556}") = "Billing.HttpHandlers", "Billing.HttpHandlers\Billing.HttpHandlers.csproj", "{83DE913E-98F3-4746-BA62-952E4BD2D281}"
EndProject
Global
	GlobalSection(SolutionConfigurationPlatforms) = preSolution
		Debug|Any CPU = Debug|Any CPU
		Release|Any CPU = Release|Any CPU
	EndGlobalSection
	GlobalSection(ProjectConfigurationPlatforms) = postSolution
		{3C62D3B0-8A12-444F-87E7-B7A6DB40B7D4}.Debug|Any CPU.ActiveCfg = Debug|Any CPU
		{3C62D3B0-8A12-444F-87E7-B7A6DB40B7D4}.Debug|Any CPU.Build.0 = Debug|Any CPU
		{3C62D3B0-8A12-444F-87E7-B7A6DB40B7D4}.Release|Any CPU.ActiveCfg = Release|Any CPU
		{3C62D3B0-8A12-444F-87E7-B7A6DB40B7D4}.Release|Any CPU.Build.0 = Release|Any CPU
		{C83A1C00-9362-492E-BBAF-43B39874221C}.Debug|Any CPU.ActiveCfg = Debug|Any CPU
		{C83A1C00-9362-492E-BBAF-43B39874221C}.Debug|Any CPU.Build.0 = Debug|Any CPU
		{C83A1C00-9362-492E-BBAF-43B39874221C}.Release|Any CPU.ActiveCfg = Release|Any CPU
		{C83A1C00-9362-492E-BBAF-43B39874221C}.Release|Any CPU.Build.0 = Release|Any CPU
		{D78E0942-EF80-4271-8F5E-3A16E0F4429B}.Debug|Any CPU.ActiveCfg = Debug|Any CPU
		{D78E0942-EF80-4271-8F5E-3A16E0F4429B}.Debug|Any CPU.Build.0 = Debug|Any CPU
		{D78E0942-EF80-4271-8F5E-3A16E0F4429B}.Release|Any CPU.ActiveCfg = Release|Any CPU
		{D78E0942-EF80-4271-8F5E-3A16E0F4429B}.Release|Any CPU.Build.0 = Release|Any CPU
		{9FCFBFA6-03EC-48ED-B2EA-FC1C78DB1E46}.Debug|Any CPU.ActiveCfg = Debug|Any CPU
		{9FCFBFA6-03EC-48ED-B2EA-FC1C78DB1E46}.Debug|Any CPU.Build.0 = Debug|Any CPU
		{9FCFBFA6-03EC-48ED-B2EA-FC1C78DB1E46}.Release|Any CPU.ActiveCfg = Release|Any CPU
		{9FCFBFA6-03EC-48ED-B2EA-FC1C78DB1E46}.Release|Any CPU.Build.0 = Release|Any CPU
		{83DE913E-98F3-4746-BA62-952E4BD2D281}.Debug|Any CPU.ActiveCfg = Debug|Any CPU
		{83DE913E-98F3-4746-BA62-952E4BD2D281}.Debug|Any CPU.Build.0 = Debug|Any CPU
		{83DE913E-98F3-4746-BA62-952E4BD2D281}.Release|Any CPU.ActiveCfg = Release|Any CPU
		{83DE913E-98F3-4746-BA62-952E4BD2D281}.Release|Any CPU.Build.0 = Release|Any CPU
	EndGlobalSection
	GlobalSection(SolutionProperties) = preSolution
		HideSolutionNode = FALSE
	EndGlobalSection
	GlobalSection(ExtensibilityGlobals) = postSolution
		SolutionGuid = {F002B31E-14F7-48D3-9C8B-180FE0C1A94D}
	EndGlobalSection
EndGlobal
